
Microsoft Visual Studio Solution File, Format Version 12.00
# Visual Studio Version 17
VisualStudioVersion = 17.3.32825.248
MinimumVisualStudioVersion = 10.0.40219.1
Project("{FAE04EC0-301F-11D3-BF4B-00C04F79EFBC}") = "MyApi", "MyApi\MyApi.csproj", "{21681281-27E5-4488-948E-5F6EBD5BC878}"
EndProject
Global
	GlobalSection(SolutionConfigurationPlatforms) = preSolution
		Debug|Any CPU = Debug|Any CPU
		Release|Any CPU = Release|Any CPU
	EndGlobalSection
	GlobalSection(ProjectConfigurationPlatforms) = postSolution
		{21681281-27E5-4488-948E-5F6EBD5BC878}.Debug|Any CPU.ActiveCfg = Debug|Any CPU
		{21681281-27E5-4488-948E-5F6EBD5BC878}.Debug|Any CPU.Build.0 = Debug|Any CPU
		{21681281-27E5-4488-948E-5F6EBD5BC878}.Release|Any CPU.ActiveCfg = Release|Any CPU
		{21681281-27E5-4488-948E-5F6EBD5BC878}.Release|Any CPU.Build.0 = Release|Any CPU
	EndGlobalSection
	GlobalSection(SolutionProperties) = preSolution
		HideSolutionNode = FALSE
	EndGlobalSection
	GlobalSection(ExtensibilityGlobals) = postSolution
		SolutionGuid = {7B9D7EA7-FC3E-4719-9706-BD3097647DD0}
	EndGlobalSection
EndGlobal
